
Microsoft Visual Studio Solution File, Format Version 12.00
# Visual Studio 15
VisualStudioVersion = 15.0.27703.2042
MinimumVisualStudioVersion = 10.0.40219.1
Project("{FAE04EC0-301F-11D3-BF4B-00C04F79EFBC}") = "PetStar", "PetStar\PetStar.csproj", "{1DA15B83-0914-4680-8DB2-02422C6A5E14}"
EndProject
Global
	GlobalSection(SolutionConfigurationPlatforms) = preSolution
		Debug|Any CPU = Debug|Any CPU
		Release|Any CPU = Release|Any CPU
	EndGlobalSection
	GlobalSection(ProjectConfigurationPlatforms) = postSolution
		{1DA15B83-0914-4680-8DB2-02422C6A5E14}.Debug|Any CPU.ActiveCfg = Debug|Any CPU
		{1DA15B83-0914-4680-8DB2-02422C6A5E14}.Debug|Any CPU.Build.0 = Debug|Any CPU
		{1DA15B83-0914-4680-8DB2-02422C6A5E14}.Release|Any CPU.ActiveCfg = Release|Any CPU
		{1DA15B83-0914-4680-8DB2-02422C6A5E14}.Release|Any CPU.Build.0 = Release|Any CPU
	EndGlobalSection
	GlobalSection(SolutionProperties) = preSolution
		HideSolutionNode = FALSE
	EndGlobalSection
	GlobalSection(ExtensibilityGlobals) = postSolution
		SolutionGuid = {F0CA3129-9672-43C2-8384-EE2BD207986A}
	EndGlobalSection
EndGlobal
